
Microsoft Visual Studio Solution File, Format Version 12.00
# Visual Studio Version 17
VisualStudioVersion = 17.6.33829.357
MinimumVisualStudioVersion = 10.0.40219.1
Project("{9A19103F-16F7-4668-BE54-9A1E7A4F7556}") = "DSME_HanhwaOcean", "DSME_HanhwaOcean\DSME_HanhwaOcean.csproj", "{3A2DD6FE-ADCF-41F7-BE5D-82A82854EA78}"
EndProject
Global
	GlobalSection(SolutionConfigurationPlatforms) = preSolution
		Debug|Any CPU = Debug|Any CPU
		Release|Any CPU = Release|Any CPU
	EndGlobalSection
	GlobalSection(ProjectConfigurationPlatforms) = postSolution
		{3A2DD6FE-ADCF-41F7-BE5D-82A82854EA78}.Debug|Any CPU.ActiveCfg = Debug|Any CPU
		{3A2DD6FE-ADCF-41F7-BE5D-82A82854EA78}.Debug|Any CPU.Build.0 = Debug|Any CPU
		{3A2DD6FE-ADCF-41F7-BE5D-82A82854EA78}.Release|Any CPU.ActiveCfg = Release|Any CPU
		{3A2DD6FE-ADCF-41F7-BE5D-82A82854EA78}.Release|Any CPU.Build.0 = Release|Any CPU
	EndGlobalSection
	GlobalSection(SolutionProperties) = preSolution
		HideSolutionNode = FALSE
	EndGlobalSection
	GlobalSection(ExtensibilityGlobals) = postSolution
		SolutionGuid = {0CE6D2EA-8250-42B8-9D11-F1D23E8F86D4}
	EndGlobalSection
EndGlobal
